<?xml version="1.0" encoding="utf-8"?>
<Project ToolsVersion="4.0" xmlns="http://schemas.microsoft.com/developer/msbuild/2003">
  <ItemGroup>
    <Filter Include="Source Files">
      <UniqueIdentifier>{4FC737F1-C7A5-4376-A066-2A32D752A2FF}</UniqueIdentifier>
      <Extensions>cpp;cxx;c;def</Extensions>
    </Filter>
    <Filter Include="Header Files">
      <UniqueIdentifier>{93995380-89BD-4b04-88EB-625FBE52EBFB}</UniqueIdentifier>
      <Extensions>h</Extensions>
    </Filter>
    <Filter Include="Form Files">
      <UniqueIdentifier>{99349809-55BA-4b9d-BF79-8FDBB0286EB3}</UniqueIdentifier>
      <Extensions>ui</Extensions>
    </Filter>
    <Filter Include="Resource Files">
      <UniqueIdentifier>{D9D6E242-F8AF-46E4-B9FD-80ECBC20BA3E}</UniqueIdentifier>
      <Extensions>qrc;*</Extensions>
      <ParseFiles>false</ParseFiles>
    </Filter>
    <Filter Include="Generated Files">
      <UniqueIdentifier>{71ED8ED8-ACB9-4CE9-BBE1-E00B30144E11}</UniqueIdentifier>
      <Extensions>moc;h;cpp</Extensions>
      <SourceControlFiles>False</SourceControlFiles>
    </Filter>
    <Filter Include="Generated Files\Debug">
      <UniqueIdentifier>{ab7643b8-8fa3-4fd2-864a-eb42820d0b98}</UniqueIdentifier>
      <Extensions>cpp;moc</Extensions>
      <SourceControlFiles>False</SourceControlFiles>
    </Filter>
    <Filter Include="Generated Files\Release">
      <UniqueIdentifier>{150cde94-61f8-4ae4-bd84-530cc93fb859}</UniqueIdentifier>
      <Extensions>cpp;moc</Extensions>
      <SourceControlFiles>False</SourceControlFiles>
    </Filter>
  </ItemGroup>
  <ItemGroup>
    <ClCompile Include="main.cpp">
      <Filter>Source Files</Filter>
    </ClCompile>
    <ClCompile Include="thd.cpp">
      <Filter>Source Files</Filter>
    </ClCompile>
    <ClCompile Include="GeneratedFiles\Debug\moc_thd.cpp">
      <Filter>Generated Files\Debug</Filter>
    </ClCompile>
    <ClCompile Include="GeneratedFiles\qrc_thd.cpp">
      <Filter>Generated Files</Filter>
    </ClCompile>
    <ClCompile Include="TestThread.cpp">
      <Filter>Source Files</Filter>
    </ClCompile>
    <ClCompile Include="GeneratedFiles\Debug\moc_TestThread.cpp">
      <Filter>Generated Files\Debug</Filter>
    </ClCompile>
    <ClCompile Include="MatToQImage.cpp">
      <Filter>Source Files</Filter>
    </ClCompile>
    <ClCompile Include="LiveFeedThread.cpp">
      <Filter>Source Files</Filter>
    </ClCompile>
    <ClCompile Include="GeneratedFiles\Debug\moc_LiveFeedThread.cpp">
      <Filter>Generated Files\Debug</Filter>
    </ClCompile>
    <ClCompile Include="MainProcessingThread.cpp">
      <Filter>Source Files</Filter>
    </ClCompile>
    <ClCompile Include="GeneratedFiles\Debug\moc_MainProcessingThread.cpp">
      <Filter>Generated Files\Debug</Filter>
    </ClCompile>
    <ClCompile Include="THDUtil.cpp">
      <Filter>Source Files</Filter>
    </ClCompile>
    <ClCompile Include="LaneDetectionThread.cpp">
      <Filter>Source Files</Filter>
    </ClCompile>
    <ClCompile Include="GeneratedFiles\Debug\moc_LaneDetectionThread.cpp">
      <Filter>Generated Files\Debug</Filter>
    </ClCompile>
    <ClCompile Include="GlobalSettings.cpp">
      <Filter>Source Files</Filter>
    </ClCompile>
    <ClCompile Include="ConsoleThread.cpp">
      <Filter>Source Files</Filter>
    </ClCompile>
    <ClCompile Include="GeneratedFiles\Debug\moc_ConsoleThread.cpp">
      <Filter>Generated Files\Debug</Filter>
    </ClCompile>
    <ClCompile Include="CarDetectionThread.cpp">
      <Filter>Source Files</Filter>
    </ClCompile>
    <ClCompile Include="GeneratedFiles\Debug\moc_CarDetectionThread.cpp">
      <Filter>Generated Files\Debug</Filter>
    </ClCompile>
    <ClCompile Include="CarAnalysisThread.cpp">
      <Filter>Source Files</Filter>
    </ClCompile>
    <ClCompile Include="GeneratedFiles\Debug\moc_CarAnalysisThread.cpp">
      <Filter>Generated Files\Debug</Filter>
    </ClCompile>
    <ClCompile Include="StopSignThread.cpp">
      <Filter>Source Files</Filter>
    </ClCompile>
    <ClCompile Include="GeneratedFiles\Debug\moc_StopSignThread.cpp">
      <Filter>Generated Files\Debug</Filter>
    </ClCompile>
    <ClCompile Include="SchoolSignThread.cpp">
      <Filter>Source Files</Filter>
    </ClCompile>
    <ClCompile Include="GeneratedFiles\Debug\moc_SchoolSignThread.cpp">
      <Filter>Generated Files\Debug</Filter>
    </ClCompile>
    <ClCompile Include="PedestrianThread.cpp">
      <Filter>Source Files</Filter>
    </ClCompile>
    <ClCompile Include="GeneratedFiles\Debug\moc_PedestrianThread.cpp">
      <Filter>Generated Files\Debug</Filter>
    </ClCompile>
    <ClCompile Include="SpeedCallibrationThread.cpp">
      <Filter>Source Files</Filter>
    </ClCompile>
    <ClCompile Include="GeneratedFiles\Debug\moc_SpeedCallibrationThread.cpp">
      <Filter>Generated Files\Debug</Filter>
    </ClCompile>
  </ItemGroup>
  <ItemGroup>
    <CustomBuild Include="thd.h">
      <Filter>Header Files</Filter>
    </CustomBuild>
    <CustomBuild Include="thd.ui">
      <Filter>Form Files</Filter>
    </CustomBuild>
    <CustomBuild Include="thd.qrc">
      <Filter>Resource Files</Filter>
    </CustomBuild>
    <CustomBuild Include="TestThread.h">
      <Filter>Header Files</Filter>
    </CustomBuild>
    <CustomBuild Include="LiveFeedThread.h">
      <Filter>Header Files</Filter>
    </CustomBuild>
    <CustomBuild Include="MainProcessingThread.h">
      <Filter>Header Files</Filter>
    </CustomBuild>
    <CustomBuild Include="LaneDetectionThread.h">
      <Filter>Header Files</Filter>
    </CustomBuild>
    <CustomBuild Include="ConsoleThread.h">
      <Filter>Header Files</Filter>
    </CustomBuild>
    <CustomBuild Include="CarDetectionThread.h">
      <Filter>Header Files</Filter>
    </CustomBuild>
    <CustomBuild Include="CarAnalysisThread.h">
      <Filter>Header Files</Filter>
    </CustomBuild>
    <CustomBuild Include="StopSignThread.h">
      <Filter>Header Files</Filter>
    </CustomBuild>
    <CustomBuild Include="SchoolSignThread.h">
      <Filter>Header Files</Filter>
    </CustomBuild>
    <CustomBuild Include="PedestrianThread.h">
      <Filter>Header Files</Filter>
    </CustomBuild>
    <CustomBuild Include="SpeedCallibrationThread.h">
      <Filter>Header Files</Filter>
    </CustomBuild>
  </ItemGroup>
  <ItemGroup>
    <ClInclude Include="GeneratedFiles\ui_thd.h">
      <Filter>Generated Files</Filter>
    </ClInclude>
    <ClInclude Include="MatToQImage.h">
      <Filter>Header Files</Filter>
    </ClInclude>
    <ClInclude Include="GlobalSettings.h">
      <Filter>Header Files</Filter>
    </ClInclude>
    <ClInclude Include="THDUtil.h">
      <Filter>Header Files</Filter>
    </ClInclude>
  </ItemGroup>
</Project>